// !$*UTF8*$!
{
	archiveVersion = 1;
	classes = {
	};
	objectVersion = 50;
	objects = {

/* Begin PBXBuildFile section */
		1808404E27B68F4D00925103 /* ImageListModel.swift in Sources */ = {isa = PBXBuildFile; fileRef = 1808404D27B68F4D00925103 /* ImageListModel.swift */; };
		18B80E6627B156F200A804E3 /* ImageDisplay.framework in Frameworks */ = {isa = PBXBuildFile; fileRef = 18B80E5C27B156F200A804E3 /* ImageDisplay.framework */; };
		18B80E6B27B156F200A804E3 /* ImageDisplayTests.swift in Sources */ = {isa = PBXBuildFile; fileRef = 18B80E6A27B156F200A804E3 /* ImageDisplayTests.swift */; };
		18B80E6D27B156F200A804E3 /* ImageDisplay.h in Headers */ = {isa = PBXBuildFile; fileRef = 18B80E5F27B156F200A804E3 /* ImageDisplay.h */; settings = {ATTRIBUTES = (Public, ); }; };
		18B80E7A27B29B1400A804E3 /* APIClient.swift in Sources */ = {isa = PBXBuildFile; fileRef = 18B80E7927B29B1400A804E3 /* APIClient.swift */; };
/* End PBXBuildFile section */

/* Begin PBXContainerItemProxy section */
		18B80E6727B156F200A804E3 /* PBXContainerItemProxy */ = {
			isa = PBXContainerItemProxy;
			containerPortal = 18B80E5327B156F100A804E3 /* Project object */;
			proxyType = 1;
			remoteGlobalIDString = 18B80E5B27B156F100A804E3;
			remoteInfo = ImageDisplay;
		};
/* End PBXContainerItemProxy section */

/* Begin PBXFileReference section */
		1808404D27B68F4D00925103 /* ImageListModel.swift */ = {isa = PBXFileReference; lastKnownFileType = sourcecode.swift; path = ImageListModel.swift; sourceTree = "<group>"; };
		18B80E5C27B156F200A804E3 /* ImageDisplay.framework */ = {isa = PBXFileReference; explicitFileType = wrapper.framework; includeInIndex = 0; path = ImageDisplay.framework; sourceTree = BUILT_PRODUCTS_DIR; };
		18B80E5F27B156F200A804E3 /* ImageDisplay.h */ = {isa = PBXFileReference; lastKnownFileType = sourcecode.c.h; path = ImageDisplay.h; sourceTree = "<group>"; };
		18B80E6027B156F200A804E3 /* Info.plist */ = {isa = PBXFileReference; lastKnownFileType = text.plist.xml; path = Info.plist; sourceTree = "<group>"; };
		18B80E6527B156F200A804E3 /* ImageDisplayTests.xctest */ = {isa = PBXFileReference; explicitFileType = wrapper.cfbundle; includeInIndex = 0; path = ImageDisplayTests.xctest; sourceTree = BUILT_PRODUCTS_DIR; };
		18B80E6A27B156F200A804E3 /* ImageDisplayTests.swift */ = {isa = PBXFileReference; lastKnownFileType = sourcecode.swift; path = ImageDisplayTests.swift; sourceTree = "<group>"; };
		18B80E6C27B156F200A804E3 /* Info.plist */ = {isa = PBXFileReference; lastKnownFileType = text.plist.xml; path = Info.plist; sourceTree = "<group>"; };
		18B80E7927B29B1400A804E3 /* APIClient.swift */ = {isa = PBXFileReference; lastKnownFileType = sourcecode.swift; path = APIClient.swift; sourceTree = "<group>"; };
/* End PBXFileReference section */

/* Begin PBXFrameworksBuildPhase section */
		18B80E5927B156F100A804E3 /* Frameworks */ = {
			isa = PBXFrameworksBuildPhase;
			buildActionMask = 2147483647;
			files = (
			);
			runOnlyForDeploymentPostprocessing = 0;
		};
		18B80E6227B156F200A804E3 /* Frameworks */ = {
			isa = PBXFrameworksBuildPhase;
			buildActionMask = 2147483647;
			files = (
				18B80E6627B156F200A804E3 /* ImageDisplay.framework in Frameworks */,
			);
			runOnlyForDeploymentPostprocessing = 0;
		};
/* End PBXFrameworksBuildPhase section */

/* Begin PBXGroup section */
		18B80E5227B156F100A804E3 = {
			isa = PBXGroup;
			children = (
				18B80E5E27B156F200A804E3 /* ImageDisplay */,
				18B80E6927B156F200A804E3 /* ImageDisplayTests */,
				18B80E5D27B156F200A804E3 /* Products */,
			);
			sourceTree = "<group>";
		};
		18B80E5D27B156F200A804E3 /* Products */ = {
			isa = PBXGroup;
			children = (
				18B80E5C27B156F200A804E3 /* ImageDisplay.framework */,
				18B80E6527B156F200A804E3 /* ImageDisplayTests.xctest */,
			);
			name = Products;
			sourceTree = "<group>";
		};
		18B80E5E27B156F200A804E3 /* ImageDisplay */ = {
			isa = PBXGroup;
			children = (
				18B80E5F27B156F200A804E3 /* ImageDisplay.h */,
				1808404D27B68F4D00925103 /* ImageListModel.swift */,
				18B80E6027B156F200A804E3 /* Info.plist */,
			);
			path = ImageDisplay;
			sourceTree = "<group>";
		};
		18B80E6927B156F200A804E3 /* ImageDisplayTests */ = {
			isa = PBXGroup;
			children = (
				18B80E7827B29AE700A804E3 /* API Client */,
				18B80E6A27B156F200A804E3 /* ImageDisplayTests.swift */,
				18B80E6C27B156F200A804E3 /* Info.plist */,
			);
			path = ImageDisplayTests;
			sourceTree = "<group>";
		};
		18B80E7827B29AE700A804E3 /* API Client */ = {
			isa = PBXGroup;
			children = (
				18B80E7927B29B1400A804E3 /* APIClient.swift */,
			);
			path = "API Client";
			sourceTree = "<group>";
		};
/* End PBXGroup section */

/* Begin PBXHeadersBuildPhase section */
		18B80E5727B156F100A804E3 /* Headers */ = {
			isa = PBXHeadersBuildPhase;
			buildActionMask = 2147483647;
			files = (
				18B80E6D27B156F200A804E3 /* ImageDisplay.h in Headers */,
			);
			runOnlyForDeploymentPostprocessing = 0;
		};
/* End PBXHeadersBuildPhase section */

/* Begin PBXNativeTarget section */
		18B80E5B27B156F100A804E3 /* ImageDisplay */ = {
			isa = PBXNativeTarget;
			buildConfigurationList = 18B80E7027B156F200A804E3 /* Build configuration list for PBXNativeTarget "ImageDisplay" */;
			buildPhases = (
				18B80E5727B156F100A804E3 /* Headers */,
				18B80E5827B156F100A804E3 /* Sources */,
				18B80E5927B156F100A804E3 /* Frameworks */,
				18B80E5A27B156F100A804E3 /* Resources */,
			);
			buildRules = (
			);
			dependencies = (
			);
			name = ImageDisplay;
			productName = ImageDisplay;
			productReference = 18B80E5C27B156F200A804E3 /* ImageDisplay.framework */;
			productType = "com.apple.product-type.framework";
		};
		18B80E6427B156F200A804E3 /* ImageDisplayTests */ = {
			isa = PBXNativeTarget;
			buildConfigurationList = 18B80E7327B156F200A804E3 /* Build configuration list for PBXNativeTarget "ImageDisplayTests" */;
			buildPhases = (
				18B80E6127B156F200A804E3 /* Sources */,
				18B80E6227B156F200A804E3 /* Frameworks */,
				18B80E6327B156F200A804E3 /* Resources */,
			);
			buildRules = (
			);
			dependencies = (
				18B80E6827B156F200A804E3 /* PBXTargetDependency */,
			);
			name = ImageDisplayTests;
			productName = ImageDisplayTests;
			productReference = 18B80E6527B156F200A804E3 /* ImageDisplayTests.xctest */;
			productType = "com.apple.product-type.bundle.unit-test";
		};
/* End PBXNativeTarget section */

/* Begin PBXProject section */
		18B80E5327B156F100A804E3 /* Project object */ = {
			isa = PBXProject;
			attributes = {
				LastSwiftUpdateCheck = 1230;
				LastUpgradeCheck = 1230;
				TargetAttributes = {
					18B80E5B27B156F100A804E3 = {
						CreatedOnToolsVersion = 12.3;
						LastSwiftMigration = 1230;
					};
					18B80E6427B156F200A804E3 = {
						CreatedOnToolsVersion = 12.3;
					};
				};
			};
			buildConfigurationList = 18B80E5627B156F100A804E3 /* Build configuration list for PBXProject "ImageDisplay" */;
			compatibilityVersion = "Xcode 9.3";
			developmentRegion = en;
			hasScannedForEncodings = 0;
			knownRegions = (
				en,
				Base,
			);
			mainGroup = 18B80E5227B156F100A804E3;
			productRefGroup = 18B80E5D27B156F200A804E3 /* Products */;
			projectDirPath = "";
			projectRoot = "";
			targets = (
				18B80E5B27B156F100A804E3 /* ImageDisplay */,
				18B80E6427B156F200A804E3 /* ImageDisplayTests */,
			);
		};
/* End PBXProject section */

/* Begin PBXResourcesBuildPhase section */
		18B80E5A27B156F100A804E3 /* Resources */ = {
			isa = PBXResourcesBuildPhase;
			buildActionMask = 2147483647;
			files = (
			);
			runOnlyForDeploymentPostprocessing = 0;
		};
		18B80E6327B156F200A804E3 /* Resources */ = {
			isa = PBXResourcesBuildPhase;
			buildActionMask = 2147483647;
			files = (
			);
			runOnlyForDeploymentPostprocessing = 0;
		};
/* End PBXResourcesBuildPhase section */

/* Begin PBXSourcesBuildPhase section */
		18B80E5827B156F100A804E3 /* Sources */ = {
			isa = PBXSourcesBuildPhase;
			buildActionMask = 2147483647;
			files = (
				1808404E27B68F4D00925103 /* ImageListModel.swift in Sources */,
			);
			runOnlyForDeploymentPostprocessing = 0;
		};
		18B80E6127B156F200A804E3 /* Sources */ = {
			isa = PBXSourcesBuildPhase;
			buildActionMask = 2147483647;
			files = (
				18B80E6B27B156F200A804E3 /* ImageDisplayTests.swift in Sources */,
				18B80E7A27B29B1400A804E3 /* APIClient.swift in Sources */,
			);
			runOnlyForDeploymentPostprocessing = 0;
		};
/* End PBXSourcesBuildPhase section */

/* Begin PBXTargetDependency section */
		18B80E6827B156F200A804E3 /* PBXTargetDependency */ = {
			isa = PBXTargetDependency;
			target = 18B80E5B27B156F100A804E3 /* ImageDisplay */;
			targetProxy = 18B80E6727B156F200A804E3 /* PBXContainerItemProxy */;
		};
/* End PBXTargetDependency section */

/* Begin XCBuildConfiguration section */
		18B80E6E27B156F200A804E3 /* Debug */ = {
			isa = XCBuildConfiguration;
			buildSettings = {
				ALWAYS_SEARCH_USER_PATHS = NO;
				CLANG_ANALYZER_NONNULL = YES;
				CLANG_ANALYZER_NUMBER_OBJECT_CONVERSION = YES_AGGRESSIVE;
				CLANG_CXX_LANGUAGE_STANDARD = "gnu++14";
				CLANG_CXX_LIBRARY = "libc++";
				CLANG_ENABLE_MODULES = YES;
				CLANG_ENABLE_OBJC_ARC = YES;
				CLANG_ENABLE_OBJC_WEAK = YES;
				CLANG_WARN_BLOCK_CAPTURE_AUTORELEASING = YES;
				CLANG_WARN_BOOL_CONVERSION = YES;
				CLANG_WARN_COMMA = YES;
				CLANG_WARN_CONSTANT_CONVERSION = YES;
				CLANG_WARN_DEPRECATED_OBJC_IMPLEMENTATIONS = YES;
				CLANG_WARN_DIRECT_OBJC_ISA_USAGE = YES_ERROR;
				CLANG_WARN_DOCUMENTATION_COMMENTS = YES;
				CLANG_WARN_EMPTY_BODY = YES;
				CLANG_WARN_ENUM_CONVERSION = YES;
				CLANG_WARN_INFINITE_RECURSION = YES;
				CLANG_WARN_INT_CONVERSION = YES;
				CLANG_WARN_NON_LITERAL_NULL_CONVERSION = YES;
				CLANG_WARN_OBJC_IMPLICIT_RETAIN_SELF = YES;
				CLANG_WARN_OBJC_LITERAL_CONVERSION = YES;
				CLANG_WARN_OBJC_ROOT_CLASS = YES_ERROR;
				CLANG_WARN_QUOTED_INCLUDE_IN_FRAMEWORK_HEADER = YES;
				CLANG_WARN_RANGE_LOOP_ANALYSIS = YES;
				CLANG_WARN_STRICT_PROTOTYPES = YES;
				CLANG_WARN_SUSPICIOUS_MOVE = YES;
				CLANG_WARN_UNGUARDED_AVAILABILITY = YES_AGGRESSIVE;
				CLANG_WARN_UNREACHABLE_CODE = YES;
				CLANG_WARN__DUPLICATE_METHOD_MATCH = YES;
				COPY_PHASE_STRIP = NO;
				CURRENT_PROJECT_VERSION = 1;
				DEBUG_INFORMATION_FORMAT = dwarf;
				ENABLE_STRICT_OBJC_MSGSEND = YES;
				ENABLE_TESTABILITY = YES;
				GCC_C_LANGUAGE_STANDARD = gnu11;
				GCC_DYNAMIC_NO_PIC = NO;
				GCC_NO_COMMON_BLOCKS = YES;
				GCC_OPTIMIZATION_LEVEL = 0;
				GCC_PREPROCESSOR_DEFINITIONS = (
					"DEBUG=1",
					"$(inherited)",
				);
				GCC_WARN_64_TO_32_BIT_CONVERSION = YES;
				GCC_WARN_ABOUT_RETURN_TYPE = YES_ERROR;
				GCC_WARN_UNDECLARED_SELECTOR = YES;
				GCC_WARN_UNINITIALIZED_AUTOS = YES_AGGRESSIVE;
				GCC_WARN_UNUSED_FUNCTION = YES;
				GCC_WARN_UNUSED_VARIABLE = YES;
				MACOSX_DEPLOYMENT_TARGET = 10.15;
				MTL_ENABLE_DEBUG_INFO = INCLUDE_SOURCE;
				MTL_FAST_MATH = YES;
				ONLY_ACTIVE_ARCH = YES;
				SDKROOT = macosx;
				SWIFT_ACTIVE_COMPILATION_CONDITIONS = DEBUG;
				SWIFT_OPTIMIZATION_LEVEL = "-Onone";
				VERSIONING_SYSTEM = "apple-generic";
				VERSION_INFO_PREFIX = "";
			};
			name = Debug;
		};
		18B80E6F27B156F200A804E3 /* Release */ = {
			isa = XCBuildConfiguration;
			buildSettings = {
				ALWAYS_SEARCH_USER_PATHS = NO;
				CLANG_ANALYZER_NONNULL = YES;
				CLANG_ANALYZER_NUMBER_OBJECT_CONVERSION = YES_AGGRESSIVE;
				CLANG_CXX_LANGUAGE_STANDARD = "gnu++14";
				CLANG_CXX_LIBRARY = "libc++";
				CLANG_ENABLE_MODULES = YES;
				CLANG_ENABLE_OBJC_ARC = YES;
				CLANG_ENABLE_OBJC_WEAK = YES;
				CLANG_WARN_BLOCK_CAPTURE_AUTORELEASING = YES;
				CLANG_WARN_BOOL_CONVERSION = YES;
				CLANG_WARN_COMMA = YES;
				CLANG_WARN_CONSTANT_CONVERSION = YES;
				CLANG_WARN_DEPRECATED_OBJC_IMPLEMENTATIONS = YES;
				CLANG_WARN_DIRECT_OBJC_ISA_USAGE = YES_ERROR;
				CLANG_WARN_DOCUMENTATION_COMMENTS = YES;
				CLANG_WARN_EMPTY_BODY = YES;
				CLANG_WARN_ENUM_CONVERSION = YES;
				CLANG_WARN_INFINITE_RECURSION = YES;
				CLANG_WARN_INT_CONVERSION = YES;
				CLANG_WARN_NON_LITERAL_NULL_CONVERSION = YES;
				CLANG_WARN_OBJC_IMPLICIT_RETAIN_SELF = YES;
				CLANG_WARN_OBJC_LITERAL_CONVERSION = YES;
				CLANG_WARN_OBJC_ROOT_CLASS = YES_ERROR;
				CLANG_WARN_QUOTED_INCLUDE_IN_FRAMEWORK_HEADER = YES;
				CLANG_WARN_RANGE_LOOP_ANALYSIS = YES;
				CLANG_WARN_STRICT_PROTOTYPES = YES;
				CLANG_WARN_SUSPICIOUS_MOVE = YES;
				CLANG_WARN_UNGUARDED_AVAILABILITY = YES_AGGRESSIVE;
				CLANG_WARN_UNREACHABLE_CODE = YES;
				CLANG_WARN__DUPLICATE_METHOD_MATCH = YES;
				COPY_PHASE_STRIP = NO;
				CURRENT_PROJECT_VERSION = 1;
				DEBUG_INFORMATION_FORMAT = "dwarf-with-dsym";
				ENABLE_NS_ASSERTIONS = NO;
				ENABLE_STRICT_OBJC_MSGSEND = YES;
				GCC_C_LANGUAGE_STANDARD = gnu11;
				GCC_NO_COMMON_BLOCKS = YES;
				GCC_WARN_64_TO_32_BIT_CONVERSION = YES;
				GCC_WARN_ABOUT_RETURN_TYPE = YES_ERROR;
				GCC_WARN_UNDECLARED_SELECTOR = YES;
				GCC_WARN_UNINITIALIZED_AUTOS = YES_AGGRESSIVE;
				GCC_WARN_UNUSED_FUNCTION = YES;
				GCC_WARN_UNUSED_VARIABLE = YES;
				MACOSX_DEPLOYMENT_TARGET = 10.15;
				MTL_ENABLE_DEBUG_INFO = NO;
				MTL_FAST_MATH = YES;
				SDKROOT = macosx;
				SWIFT_COMPILATION_MODE = wholemodule;
				SWIFT_OPTIMIZATION_LEVEL = "-O";
				VERSIONING_SYSTEM = "apple-generic";
				VERSION_INFO_PREFIX = "";
			};
			name = Release;
		};
		18B80E7127B156F200A804E3 /* Debug */ = {
			isa = XCBuildConfiguration;
			buildSettings = {
				CLANG_ENABLE_MODULES = YES;
				CODE_SIGN_STYLE = Automatic;
				COMBINE_HIDPI_IMAGES = YES;
				DEFINES_MODULE = YES;
				DYLIB_COMPATIBILITY_VERSION = 1;
				DYLIB_CURRENT_VERSION = 1;
				DYLIB_INSTALL_NAME_BASE = "@rpath";
				INFOPLIST_FILE = ImageDisplay/Info.plist;
				INSTALL_PATH = "$(LOCAL_LIBRARY_DIR)/Frameworks";
				LD_RUNPATH_SEARCH_PATHS = (
					"$(inherited)",
					"@executable_path/../Frameworks",
					"@loader_path/Frameworks",
				);
				PRODUCT_BUNDLE_IDENTIFIER = parthyan.ImageDisplay;
				PRODUCT_NAME = "$(TARGET_NAME:c99extidentifier)";
				SKIP_INSTALL = YES;
				SWIFT_OPTIMIZATION_LEVEL = "-Onone";
				SWIFT_VERSION = 5.0;
			};
			name = Debug;
		};
		18B80E7227B156F200A804E3 /* Release */ = {
			isa = XCBuildConfiguration;
			buildSettings = {
				CLANG_ENABLE_MODULES = YES;
				CODE_SIGN_STYLE = Automatic;
				COMBINE_HIDPI_IMAGES = YES;
				DEFINES_MODULE = YES;
				DYLIB_COMPATIBILITY_VERSION = 1;
				DYLIB_CURRENT_VERSION = 1;
				DYLIB_INSTALL_NAME_BASE = "@rpath";
				INFOPLIST_FILE = ImageDisplay/Info.plist;
				INSTALL_PATH = "$(LOCAL_LIBRARY_DIR)/Frameworks";
				LD_RUNPATH_SEARCH_PATHS = (
					"$(inherited)",
					"@executable_path/../Frameworks",
					"@loader_path/Frameworks",
				);
				PRODUCT_BUNDLE_IDENTIFIER = parthyan.ImageDisplay;
				PRODUCT_NAME = "$(TARGET_NAME:c99extidentifier)";
				SKIP_INSTALL = YES;
				SWIFT_VERSION = 5.0;
			};
			name = Release;
		};
		18B80E7427B156F200A804E3 /* Debug */ = {
			isa = XCBuildConfiguration;
			buildSettings = {
				ALWAYS_EMBED_SWIFT_STANDARD_LIBRARIES = YES;
				CODE_SIGN_STYLE = Automatic;
				COMBINE_HIDPI_IMAGES = YES;
				INFOPLIST_FILE = ImageDisplayTests/Info.plist;
				LD_RUNPATH_SEARCH_PATHS = (
					"$(inherited)",
					"@executable_path/../Frameworks",
					"@loader_path/../Frameworks",
				);
				PRODUCT_BUNDLE_IDENTIFIER = parthyan.ImageDisplayTests;
				PRODUCT_NAME = "$(TARGET_NAME)";
				SWIFT_VERSION = 5.0;
			};
			name = Debug;
		};
		18B80E7527B156F200A804E3 /* Release */ = {
			isa = XCBuildConfiguration;
			buildSettings = {
				ALWAYS_EMBED_SWIFT_STANDARD_LIBRARIES = YES;
				CODE_SIGN_STYLE = Automatic;
				COMBINE_HIDPI_IMAGES = YES;
				INFOPLIST_FILE = ImageDisplayTests/Info.plist;
				LD_RUNPATH_SEARCH_PATHS = (
					"$(inherited)",
					"@executable_path/../Frameworks",
					"@loader_path/../Frameworks",
				);
				PRODUCT_BUNDLE_IDENTIFIER = parthyan.ImageDisplayTests;
				PRODUCT_NAME = "$(TARGET_NAME)";
				SWIFT_VERSION = 5.0;
			};
			name = Release;
		};
/* End XCBuildConfiguration section */

/* Begin XCConfigurationList section */
		18B80E5627B156F100A804E3 /* Build configuration list for PBXProject "ImageDisplay" */ = {
			isa = XCConfigurationList;
			buildConfigurations = (
				18B80E6E27B156F200A804E3 /* Debug */,
				18B80E6F27B156F200A804E3 /* Release */,
			);
			defaultConfigurationIsVisible = 0;
			defaultConfigurationName = Release;
		};
		18B80E7027B156F200A804E3 /* Build configuration list for PBXNativeTarget "ImageDisplay" */ = {
			isa = XCConfigurationList;
			buildConfigurations = (
				18B80E7127B156F200A804E3 /* Debug */,
				18B80E7227B156F200A804E3 /* Release */,
			);
			defaultConfigurationIsVisible = 0;
			defaultConfigurationName = Release;
		};
		18B80E7327B156F200A804E3 /* Build configuration list for PBXNativeTarget "ImageDisplayTests" */ = {
			isa = XCConfigurationList;
			buildConfigurations = (
				18B80E7427B156F200A804E3 /* Debug */,
				18B80E7527B156F200A804E3 /* Release */,
			);
			defaultConfigurationIsVisible = 0;
			defaultConfigurationName = Release;
		};
/* End XCConfigurationList section */
	};
	rootObject = 18B80E5327B156F100A804E3 /* Project object */;
}
